{
  "name": "@schoenj/place-mark",
  "version": "1.0.0",
  "lockfileVersion": 3,
  "requires": true,
  "packages": {
    "": {
      "name": "@schoenj/place-mark",
      "version": "1.0.0",
      "license": "ISC",
      "workspaces": [
        "packages/place-mark-api",
        "packages/place-mark-web",
        "packages/place-mark-core"
      ]
    },
    "node_modules/@schoenj/place-mark-api": {
      "resolved": "packages/place-mark-api",
      "link": true
    },
    "node_modules/@schoenj/place-mark-core": {
      "resolved": "packages/place-mark-core",
      "link": true
    },
    "node_modules/@schoenj/place-mark-web": {
      "resolved": "packages/place-mark-web",
      "link": true
    },
    "packages/place-mark-api": {
      "name": "@schoenj/place-mark-api",
      "version": "1.0.0",
      "license": "ISC"
    },
    "packages/place-mark-core": {
      "version": "1.0.0",
      "license": "ISC",
      "devDependencies": {}
    },
    "packages/place-mark-web": {
      "name": "@schoenj/place-mark-web",
      "version": "1.0.0",
      "license": "ISC",
      "devDependencies": {}
    }
  }
}
